
Microsoft Visual Studio Solution File, Format Version 12.00
# Visual Studio Version 17
VisualStudioVersion = 17.2.32616.157
MinimumVisualStudioVersion = 10.0.40219.1
Project("{8BC9CEB8-8B4A-11D0-8D11-00A0C91BC942}") = "Es un arbol AVL", "Es un arbol AVL\Es un arbol AVL.vcxproj", "{A0A518A3-A478-4B08-BB9A-69ADE1793A4D}"
EndProject
Project("{8BC9CEB8-8B4A-11D0-8D11-00A0C91BC942}") = "k-esimo_elemento_en_AVL", "k-esimo_elemento_en_AVL\k-esimo_elemento_en_AVL.vcxproj", "{D9A2E453-E9A7-4D3D-9A16-4725E6DB5E0D}"
EndProject
Project("{8BC9CEB8-8B4A-11D0-8D11-00A0C91BC942}") = "Lo_que_cuesta_sumar", "Lo_que_cuesta_sumar\Lo_que_cuesta_sumar.vcxproj", "{9B6823E1-5506-4843-A1E1-1D98AC25039F}"
EndProject
Project("{8BC9CEB8-8B4A-11D0-8D11-00A0C91BC942}") = "La_reina_del_super", "La_reina_del_super\La_reina_del_super.vcxproj", "{0B7877E8-528C-432A-9C68-FA3A50F86180}"
EndProject
Project("{8BC9CEB8-8B4A-11D0-8D11-00A0C91BC942}") = "Pajaros_en_vuelo", "Pajaros_en_vuelo\Pajaros_en_vuelo.vcxproj", "{5E120D16-53A4-4937-A4E0-C7E977EB3BA7}"
EndProject
Project("{8BC9CEB8-8B4A-11D0-8D11-00A0C91BC942}") = "Volando_drones", "Volando_drones\Volando_drones.vcxproj", "{D0ADD903-4090-4AC4-A710-1A803DAC8CE7}"
EndProject
Project("{8BC9CEB8-8B4A-11D0-8D11-00A0C91BC942}") = "Multitarea", "Multitarea\Multitarea.vcxproj", "{0320F19A-FF35-47B3-A17C-3E6799899B0B}"
EndProject
Project("{8BC9CEB8-8B4A-11D0-8D11-00A0C91BC942}") = "Las_partituras_de_la_orquesta", "Las_partituras_de_la_orquesta\Las_partituras_de_la_orquesta.vcxproj", "{0D32D5AC-9CB6-48B9-8882-E27513F29FED}"
EndProject
Project("{8BC9CEB8-8B4A-11D0-8D11-00A0C91BC942}") = "Arboles_libres", "Arboles_libres\Arboles_libres.vcxproj", "{5A85D389-128A-4CB4-A8F0-A38550415F27}"
EndProject
Project("{8BC9CEB8-8B4A-11D0-8D11-00A0C91BC942}") = "Las_noticias_vuelan", "Las_noticias_vuelan\Las_noticias_vuelan.vcxproj", "{D341A6DF-280C-4343-B8C9-1C762D7F2C34}"
EndProject
Project("{8BC9CEB8-8B4A-11D0-8D11-00A0C91BC942}") = "Difundiendo_un_rumor", "Difundiendo_un_rumor\Difundiendo_un_rumor.vcxproj", "{E48D3B33-E018-4879-9DE1-14ED6899828B}"
EndProject
Project("{8BC9CEB8-8B4A-11D0-8D11-00A0C91BC942}") = "Haciendo_trampas_en_Serpientes_y_Escaleras", "Haciendo_trampas_en_Serpientes_y_Escaleras\Haciendo_trampas_en_Serpientes_y_Escaleras.vcxproj", "{61453BFF-3A96-4980-8D78-156E07B655C1}"
EndProject
Project("{8BC9CEB8-8B4A-11D0-8D11-00A0C91BC942}") = "Donde_construimos_aeropuertos", "Donde_construimos_aeropuertos\Donde_construimos_aeropuertos.vcxproj", "{ABAD7E18-BB46-48DC-A764-D2474A9B59F7}"
EndProject
Project("{8BC9CEB8-8B4A-11D0-8D11-00A0C91BC942}") = "Ratones_en_un_laberinto", "Ratones_en_un_laberinto\Ratones_en_un_laberinto.vcxproj", "{02DC21E6-0DDB-4D05-AFEE-E9946682445A}"
EndProject
Project("{8BC9CEB8-8B4A-11D0-8D11-00A0C91BC942}") = "Los_Broncos_de_Boston", "Los_Broncos_de_Boston\Los_Broncos_de_Boston.vcxproj", "{77FD52A0-01A9-4CF3-8CD0-054FE310DC02}"
EndProject
Project("{8BC9CEB8-8B4A-11D0-8D11-00A0C91BC942}") = "Nos_vamos_de_concierto", "Nos_vamos_de_concierto\Nos_vamos_de_concierto.vcxproj", "{03E2B16B-168E-498C-A825-4032AB7EDFED}"
EndProject
Project("{8BC9CEB8-8B4A-11D0-8D11-00A0C91BC942}") = "Subsecuencia_comun_mas_larga", "Subsecuencia_comun_mas_larga\Subsecuencia_comun_mas_larga.vcxproj", "{428B8BE6-702C-4CBA-99CA-FBC7EEC0A79A}"
EndProject
Project("{8BC9CEB8-8B4A-11D0-8D11-00A0C91BC942}") = "Una_curiosa_monitorizacion", "Una_curiosa_monitorizacion\Una_curiosa_monitorizacion.vcxproj", "{B5A5A835-BBE5-4DE4-B44E-7F89842ABAF9}"
EndProject
Project("{8BC9CEB8-8B4A-11D0-8D11-00A0C91BC942}") = "Ordenando_a_los_pacientes_en_urgencias", "Ordenando_a_los_pacientes_en_urgencias\Ordenando_a_los_pacientes_en_urgencias.vcxproj", "{ECD1BA36-2FB1-455B-9EBE-AD9432F508E9}"
EndProject
Project("{8BC9CEB8-8B4A-11D0-8D11-00A0C91BC942}") = "Los_amigos_de_mis_amigos_son_mis_amigos", "Los_amigos_de_mis_amigos_son_mis_amigos\Los_amigos_de_mis_amigos_son_mis_amigos.vcxproj", "{649CB491-3CDD-4A52-95F4-A23BD6FA6436}"
EndProject
Project("{8BC9CEB8-8B4A-11D0-8D11-00A0C91BC942}") = "Deteccion_de_manchas_negras", "Deteccion_de_manchas_negras\Deteccion_de_manchas_negras.vcxproj", "{C45F87D3-4B2C-46FE-A25B-457A14FE39B9}"
EndProject
Project("{8BC9CEB8-8B4A-11D0-8D11-00A0C91BC942}") = "Nodo_muy_muy_lejano", "Nodo_muy_muy_lejano\Nodo_muy_muy_lejano.vcxproj", "{EAB47D90-D120-4656-A79B-2A2B5D470742}"
EndProject
Project("{8BC9CEB8-8B4A-11D0-8D11-00A0C91BC942}") = "La_maquina_calculadora", "La_maquina_calculadora\La_maquina_calculadora.vcxproj", "{BA2EDEB8-4725-4C00-BBB7-1C439CC584B3}"
EndProject
Project("{8BC9CEB8-8B4A-11D0-8D11-00A0C91BC942}") = "Ordenando_tareas", "Ordenando_tareas\Ordenando_tareas.vcxproj", "{DED746BE-DDFC-485F-9A70-2B8A044220E7}"
EndProject
Project("{8BC9CEB8-8B4A-11D0-8D11-00A0C91BC942}") = "Sumidero_en_un_grafo_dirigido", "Sumidero_en_un_grafo_dirigido\Sumidero_en_un_grafo_dirigido.vcxproj", "{96EDC03C-EC71-45C5-A1B5-DD0311E49BAE}"
EndProject
Global
	GlobalSection(SolutionConfigurationPlatforms) = preSolution
		Debug|x64 = Debug|x64
		Debug|x86 = Debug|x86
		Release|x64 = Release|x64
		Release|x86 = Release|x86
	EndGlobalSection
	GlobalSection(ProjectConfigurationPlatforms) = postSolution
		{A0A518A3-A478-4B08-BB9A-69ADE1793A4D}.Debug|x64.ActiveCfg = Debug|x64
		{A0A518A3-A478-4B08-BB9A-69ADE1793A4D}.Debug|x64.Build.0 = Debug|x64
		{A0A518A3-A478-4B08-BB9A-69ADE1793A4D}.Debug|x86.ActiveCfg = Debug|Win32
		{A0A518A3-A478-4B08-BB9A-69ADE1793A4D}.Debug|x86.Build.0 = Debug|Win32
		{A0A518A3-A478-4B08-BB9A-69ADE1793A4D}.Release|x64.ActiveCfg = Release|x64
		{A0A518A3-A478-4B08-BB9A-69ADE1793A4D}.Release|x64.Build.0 = Release|x64
		{A0A518A3-A478-4B08-BB9A-69ADE1793A4D}.Release|x86.ActiveCfg = Release|Win32
		{A0A518A3-A478-4B08-BB9A-69ADE1793A4D}.Release|x86.Build.0 = Release|Win32
		{D9A2E453-E9A7-4D3D-9A16-4725E6DB5E0D}.Debug|x64.ActiveCfg = Debug|x64
		{D9A2E453-E9A7-4D3D-9A16-4725E6DB5E0D}.Debug|x64.Build.0 = Debug|x64
		{D9A2E453-E9A7-4D3D-9A16-4725E6DB5E0D}.Debug|x86.ActiveCfg = Debug|Win32
		{D9A2E453-E9A7-4D3D-9A16-4725E6DB5E0D}.Debug|x86.Build.0 = Debug|Win32
		{D9A2E453-E9A7-4D3D-9A16-4725E6DB5E0D}.Release|x64.ActiveCfg = Release|x64
		{D9A2E453-E9A7-4D3D-9A16-4725E6DB5E0D}.Release|x64.Build.0 = Release|x64
		{D9A2E453-E9A7-4D3D-9A16-4725E6DB5E0D}.Release|x86.ActiveCfg = Release|Win32
		{D9A2E453-E9A7-4D3D-9A16-4725E6DB5E0D}.Release|x86.Build.0 = Release|Win32
		{9B6823E1-5506-4843-A1E1-1D98AC25039F}.Debug|x64.ActiveCfg = Debug|x64
		{9B6823E1-5506-4843-A1E1-1D98AC25039F}.Debug|x64.Build.0 = Debug|x64
		{9B6823E1-5506-4843-A1E1-1D98AC25039F}.Debug|x86.ActiveCfg = Debug|Win32
		{9B6823E1-5506-4843-A1E1-1D98AC25039F}.Debug|x86.Build.0 = Debug|Win32
		{9B6823E1-5506-4843-A1E1-1D98AC25039F}.Release|x64.ActiveCfg = Release|x64
		{9B6823E1-5506-4843-A1E1-1D98AC25039F}.Release|x64.Build.0 = Release|x64
		{9B6823E1-5506-4843-A1E1-1D98AC25039F}.Release|x86.ActiveCfg = Release|Win32
		{9B6823E1-5506-4843-A1E1-1D98AC25039F}.Release|x86.Build.0 = Release|Win32
		{0B7877E8-528C-432A-9C68-FA3A50F86180}.Debug|x64.ActiveCfg = Debug|x64
		{0B7877E8-528C-432A-9C68-FA3A50F86180}.Debug|x64.Build.0 = Debug|x64
		{0B7877E8-528C-432A-9C68-FA3A50F86180}.Debug|x86.ActiveCfg = Debug|Win32
		{0B7877E8-528C-432A-9C68-FA3A50F86180}.Debug|x86.Build.0 = Debug|Win32
		{0B7877E8-528C-432A-9C68-FA3A50F86180}.Release|x64.ActiveCfg = Release|x64
		{0B7877E8-528C-432A-9C68-FA3A50F86180}.Release|x64.Build.0 = Release|x64
		{0B7877E8-528C-432A-9C68-FA3A50F86180}.Release|x86.ActiveCfg = Release|Win32
		{0B7877E8-528C-432A-9C68-FA3A50F86180}.Release|x86.Build.0 = Release|Win32
		{5E120D16-53A4-4937-A4E0-C7E977EB3BA7}.Debug|x64.ActiveCfg = Debug|x64
		{5E120D16-53A4-4937-A4E0-C7E977EB3BA7}.Debug|x64.Build.0 = Debug|x64
		{5E120D16-53A4-4937-A4E0-C7E977EB3BA7}.Debug|x86.ActiveCfg = Debug|Win32
		{5E120D16-53A4-4937-A4E0-C7E977EB3BA7}.Debug|x86.Build.0 = Debug|Win32
		{5E120D16-53A4-4937-A4E0-C7E977EB3BA7}.Release|x64.ActiveCfg = Release|x64
		{5E120D16-53A4-4937-A4E0-C7E977EB3BA7}.Release|x64.Build.0 = Release|x64
		{5E120D16-53A4-4937-A4E0-C7E977EB3BA7}.Release|x86.ActiveCfg = Release|Win32
		{5E120D16-53A4-4937-A4E0-C7E977EB3BA7}.Release|x86.Build.0 = Release|Win32
		{D0ADD903-4090-4AC4-A710-1A803DAC8CE7}.Debug|x64.ActiveCfg = Debug|x64
		{D0ADD903-4090-4AC4-A710-1A803DAC8CE7}.Debug|x64.Build.0 = Debug|x64
		{D0ADD903-4090-4AC4-A710-1A803DAC8CE7}.Debug|x86.ActiveCfg = Debug|Win32
		{D0ADD903-4090-4AC4-A710-1A803DAC8CE7}.Debug|x86.Build.0 = Debug|Win32
		{D0ADD903-4090-4AC4-A710-1A803DAC8CE7}.Release|x64.ActiveCfg = Release|x64
		{D0ADD903-4090-4AC4-A710-1A803DAC8CE7}.Release|x64.Build.0 = Release|x64
		{D0ADD903-4090-4AC4-A710-1A803DAC8CE7}.Release|x86.ActiveCfg = Release|Win32
		{D0ADD903-4090-4AC4-A710-1A803DAC8CE7}.Release|x86.Build.0 = Release|Win32
		{0320F19A-FF35-47B3-A17C-3E6799899B0B}.Debug|x64.ActiveCfg = Debug|x64
		{0320F19A-FF35-47B3-A17C-3E6799899B0B}.Debug|x64.Build.0 = Debug|x64
		{0320F19A-FF35-47B3-A17C-3E6799899B0B}.Debug|x86.ActiveCfg = Debug|Win32
		{0320F19A-FF35-47B3-A17C-3E6799899B0B}.Debug|x86.Build.0 = Debug|Win32
		{0320F19A-FF35-47B3-A17C-3E6799899B0B}.Release|x64.ActiveCfg = Release|x64
		{0320F19A-FF35-47B3-A17C-3E6799899B0B}.Release|x64.Build.0 = Release|x64
		{0320F19A-FF35-47B3-A17C-3E6799899B0B}.Release|x86.ActiveCfg = Release|Win32
		{0320F19A-FF35-47B3-A17C-3E6799899B0B}.Release|x86.Build.0 = Release|Win32
		{0D32D5AC-9CB6-48B9-8882-E27513F29FED}.Debug|x64.ActiveCfg = Debug|x64
		{0D32D5AC-9CB6-48B9-8882-E27513F29FED}.Debug|x64.Build.0 = Debug|x64
		{0D32D5AC-9CB6-48B9-8882-E27513F29FED}.Debug|x86.ActiveCfg = Debug|Win32
		{0D32D5AC-9CB6-48B9-8882-E27513F29FED}.Debug|x86.Build.0 = Debug|Win32
		{0D32D5AC-9CB6-48B9-8882-E27513F29FED}.Release|x64.ActiveCfg = Release|x64
		{0D32D5AC-9CB6-48B9-8882-E27513F29FED}.Release|x64.Build.0 = Release|x64
		{0D32D5AC-9CB6-48B9-8882-E27513F29FED}.Release|x86.ActiveCfg = Release|Win32
		{0D32D5AC-9CB6-48B9-8882-E27513F29FED}.Release|x86.Build.0 = Release|Win32
		{5A85D389-128A-4CB4-A8F0-A38550415F27}.Debug|x64.ActiveCfg = Debug|x64
		{5A85D389-128A-4CB4-A8F0-A38550415F27}.Debug|x64.Build.0 = Debug|x64
		{5A85D389-128A-4CB4-A8F0-A38550415F27}.Debug|x86.ActiveCfg = Debug|Win32
		{5A85D389-128A-4CB4-A8F0-A38550415F27}.Debug|x86.Build.0 = Debug|Win32
		{5A85D389-128A-4CB4-A8F0-A38550415F27}.Release|x64.ActiveCfg = Release|x64
		{5A85D389-128A-4CB4-A8F0-A38550415F27}.Release|x64.Build.0 = Release|x64
		{5A85D389-128A-4CB4-A8F0-A38550415F27}.Release|x86.ActiveCfg = Release|Win32
		{5A85D389-128A-4CB4-A8F0-A38550415F27}.Release|x86.Build.0 = Release|Win32
		{D341A6DF-280C-4343-B8C9-1C762D7F2C34}.Debug|x64.ActiveCfg = Debug|x64
		{D341A6DF-280C-4343-B8C9-1C762D7F2C34}.Debug|x64.Build.0 = Debug|x64
		{D341A6DF-280C-4343-B8C9-1C762D7F2C34}.Debug|x86.ActiveCfg = Debug|Win32
		{D341A6DF-280C-4343-B8C9-1C762D7F2C34}.Debug|x86.Build.0 = Debug|Win32
		{D341A6DF-280C-4343-B8C9-1C762D7F2C34}.Release|x64.ActiveCfg = Release|x64
		{D341A6DF-280C-4343-B8C9-1C762D7F2C34}.Release|x64.Build.0 = Release|x64
		{D341A6DF-280C-4343-B8C9-1C762D7F2C34}.Release|x86.ActiveCfg = Release|Win32
		{D341A6DF-280C-4343-B8C9-1C762D7F2C34}.Release|x86.Build.0 = Release|Win32
		{E48D3B33-E018-4879-9DE1-14ED6899828B}.Debug|x64.ActiveCfg = Debug|x64
		{E48D3B33-E018-4879-9DE1-14ED6899828B}.Debug|x64.Build.0 = Debug|x64
		{E48D3B33-E018-4879-9DE1-14ED6899828B}.Debug|x86.ActiveCfg = Debug|Win32
		{E48D3B33-E018-4879-9DE1-14ED6899828B}.Debug|x86.Build.0 = Debug|Win32
		{E48D3B33-E018-4879-9DE1-14ED6899828B}.Release|x64.ActiveCfg = Release|x64
		{E48D3B33-E018-4879-9DE1-14ED6899828B}.Release|x64.Build.0 = Release|x64
		{E48D3B33-E018-4879-9DE1-14ED6899828B}.Release|x86.ActiveCfg = Release|Win32
		{E48D3B33-E018-4879-9DE1-14ED6899828B}.Release|x86.Build.0 = Release|Win32
		{61453BFF-3A96-4980-8D78-156E07B655C1}.Debug|x64.ActiveCfg = Debug|x64
		{61453BFF-3A96-4980-8D78-156E07B655C1}.Debug|x64.Build.0 = Debug|x64
		{61453BFF-3A96-4980-8D78-156E07B655C1}.Debug|x86.ActiveCfg = Debug|Win32
		{61453BFF-3A96-4980-8D78-156E07B655C1}.Debug|x86.Build.0 = Debug|Win32
		{61453BFF-3A96-4980-8D78-156E07B655C1}.Release|x64.ActiveCfg = Release|x64
		{61453BFF-3A96-4980-8D78-156E07B655C1}.Release|x64.Build.0 = Release|x64
		{61453BFF-3A96-4980-8D78-156E07B655C1}.Release|x86.ActiveCfg = Release|Win32
		{61453BFF-3A96-4980-8D78-156E07B655C1}.Release|x86.Build.0 = Release|Win32
		{ABAD7E18-BB46-48DC-A764-D2474A9B59F7}.Debug|x64.ActiveCfg = Debug|x64
		{ABAD7E18-BB46-48DC-A764-D2474A9B59F7}.Debug|x64.Build.0 = Debug|x64
		{ABAD7E18-BB46-48DC-A764-D2474A9B59F7}.Debug|x86.ActiveCfg = Debug|Win32
		{ABAD7E18-BB46-48DC-A764-D2474A9B59F7}.Debug|x86.Build.0 = Debug|Win32
		{ABAD7E18-BB46-48DC-A764-D2474A9B59F7}.Release|x64.ActiveCfg = Release|x64
		{ABAD7E18-BB46-48DC-A764-D2474A9B59F7}.Release|x64.Build.0 = Release|x64
		{ABAD7E18-BB46-48DC-A764-D2474A9B59F7}.Release|x86.ActiveCfg = Release|Win32
		{ABAD7E18-BB46-48DC-A764-D2474A9B59F7}.Release|x86.Build.0 = Release|Win32
		{02DC21E6-0DDB-4D05-AFEE-E9946682445A}.Debug|x64.ActiveCfg = Debug|x64
		{02DC21E6-0DDB-4D05-AFEE-E9946682445A}.Debug|x64.Build.0 = Debug|x64
		{02DC21E6-0DDB-4D05-AFEE-E9946682445A}.Debug|x86.ActiveCfg = Debug|Win32
		{02DC21E6-0DDB-4D05-AFEE-E9946682445A}.Debug|x86.Build.0 = Debug|Win32
		{02DC21E6-0DDB-4D05-AFEE-E9946682445A}.Release|x64.ActiveCfg = Release|x64
		{02DC21E6-0DDB-4D05-AFEE-E9946682445A}.Release|x64.Build.0 = Release|x64
		{02DC21E6-0DDB-4D05-AFEE-E9946682445A}.Release|x86.ActiveCfg = Release|Win32
		{02DC21E6-0DDB-4D05-AFEE-E9946682445A}.Release|x86.Build.0 = Release|Win32
		{77FD52A0-01A9-4CF3-8CD0-054FE310DC02}.Debug|x64.ActiveCfg = Debug|x64
		{77FD52A0-01A9-4CF3-8CD0-054FE310DC02}.Debug|x64.Build.0 = Debug|x64
		{77FD52A0-01A9-4CF3-8CD0-054FE310DC02}.Debug|x86.ActiveCfg = Debug|Win32
		{77FD52A0-01A9-4CF3-8CD0-054FE310DC02}.Debug|x86.Build.0 = Debug|Win32
		{77FD52A0-01A9-4CF3-8CD0-054FE310DC02}.Release|x64.ActiveCfg = Release|x64
		{77FD52A0-01A9-4CF3-8CD0-054FE310DC02}.Release|x64.Build.0 = Release|x64
		{77FD52A0-01A9-4CF3-8CD0-054FE310DC02}.Release|x86.ActiveCfg = Release|Win32
		{77FD52A0-01A9-4CF3-8CD0-054FE310DC02}.Release|x86.Build.0 = Release|Win32
		{03E2B16B-168E-498C-A825-4032AB7EDFED}.Debug|x64.ActiveCfg = Debug|x64
		{03E2B16B-168E-498C-A825-4032AB7EDFED}.Debug|x64.Build.0 = Debug|x64
		{03E2B16B-168E-498C-A825-4032AB7EDFED}.Debug|x86.ActiveCfg = Debug|Win32
		{03E2B16B-168E-498C-A825-4032AB7EDFED}.Debug|x86.Build.0 = Debug|Win32
		{03E2B16B-168E-498C-A825-4032AB7EDFED}.Release|x64.ActiveCfg = Release|x64
		{03E2B16B-168E-498C-A825-4032AB7EDFED}.Release|x64.Build.0 = Release|x64
		{03E2B16B-168E-498C-A825-4032AB7EDFED}.Release|x86.ActiveCfg = Release|Win32
		{03E2B16B-168E-498C-A825-4032AB7EDFED}.Release|x86.Build.0 = Release|Win32
		{428B8BE6-702C-4CBA-99CA-FBC7EEC0A79A}.Debug|x64.ActiveCfg = Debug|x64
		{428B8BE6-702C-4CBA-99CA-FBC7EEC0A79A}.Debug|x64.Build.0 = Debug|x64
		{428B8BE6-702C-4CBA-99CA-FBC7EEC0A79A}.Debug|x86.ActiveCfg = Debug|Win32
		{428B8BE6-702C-4CBA-99CA-FBC7EEC0A79A}.Debug|x86.Build.0 = Debug|Win32
		{428B8BE6-702C-4CBA-99CA-FBC7EEC0A79A}.Release|x64.ActiveCfg = Release|x64
		{428B8BE6-702C-4CBA-99CA-FBC7EEC0A79A}.Release|x64.Build.0 = Release|x64
		{428B8BE6-702C-4CBA-99CA-FBC7EEC0A79A}.Release|x86.ActiveCfg = Release|Win32
		{428B8BE6-702C-4CBA-99CA-FBC7EEC0A79A}.Release|x86.Build.0 = Release|Win32
		{B5A5A835-BBE5-4DE4-B44E-7F89842ABAF9}.Debug|x64.ActiveCfg = Debug|x64
		{B5A5A835-BBE5-4DE4-B44E-7F89842ABAF9}.Debug|x64.Build.0 = Debug|x64
		{B5A5A835-BBE5-4DE4-B44E-7F89842ABAF9}.Debug|x86.ActiveCfg = Debug|Win32
		{B5A5A835-BBE5-4DE4-B44E-7F89842ABAF9}.Debug|x86.Build.0 = Debug|Win32
		{B5A5A835-BBE5-4DE4-B44E-7F89842ABAF9}.Release|x64.ActiveCfg = Release|x64
		{B5A5A835-BBE5-4DE4-B44E-7F89842ABAF9}.Release|x64.Build.0 = Release|x64
		{B5A5A835-BBE5-4DE4-B44E-7F89842ABAF9}.Release|x86.ActiveCfg = Release|Win32
		{B5A5A835-BBE5-4DE4-B44E-7F89842ABAF9}.Release|x86.Build.0 = Release|Win32
		{ECD1BA36-2FB1-455B-9EBE-AD9432F508E9}.Debug|x64.ActiveCfg = Debug|x64
		{ECD1BA36-2FB1-455B-9EBE-AD9432F508E9}.Debug|x64.Build.0 = Debug|x64
		{ECD1BA36-2FB1-455B-9EBE-AD9432F508E9}.Debug|x86.ActiveCfg = Debug|Win32
		{ECD1BA36-2FB1-455B-9EBE-AD9432F508E9}.Debug|x86.Build.0 = Debug|Win32
		{ECD1BA36-2FB1-455B-9EBE-AD9432F508E9}.Release|x64.ActiveCfg = Release|x64
		{ECD1BA36-2FB1-455B-9EBE-AD9432F508E9}.Release|x64.Build.0 = Release|x64
		{ECD1BA36-2FB1-455B-9EBE-AD9432F508E9}.Release|x86.ActiveCfg = Release|Win32
		{ECD1BA36-2FB1-455B-9EBE-AD9432F508E9}.Release|x86.Build.0 = Release|Win32
		{649CB491-3CDD-4A52-95F4-A23BD6FA6436}.Debug|x64.ActiveCfg = Debug|x64
		{649CB491-3CDD-4A52-95F4-A23BD6FA6436}.Debug|x64.Build.0 = Debug|x64
		{649CB491-3CDD-4A52-95F4-A23BD6FA6436}.Debug|x86.ActiveCfg = Debug|Win32
		{649CB491-3CDD-4A52-95F4-A23BD6FA6436}.Debug|x86.Build.0 = Debug|Win32
		{649CB491-3CDD-4A52-95F4-A23BD6FA6436}.Release|x64.ActiveCfg = Release|x64
		{649CB491-3CDD-4A52-95F4-A23BD6FA6436}.Release|x64.Build.0 = Release|x64
		{649CB491-3CDD-4A52-95F4-A23BD6FA6436}.Release|x86.ActiveCfg = Release|Win32
		{649CB491-3CDD-4A52-95F4-A23BD6FA6436}.Release|x86.Build.0 = Release|Win32
		{C45F87D3-4B2C-46FE-A25B-457A14FE39B9}.Debug|x64.ActiveCfg = Debug|x64
		{C45F87D3-4B2C-46FE-A25B-457A14FE39B9}.Debug|x64.Build.0 = Debug|x64
		{C45F87D3-4B2C-46FE-A25B-457A14FE39B9}.Debug|x86.ActiveCfg = Debug|Win32
		{C45F87D3-4B2C-46FE-A25B-457A14FE39B9}.Debug|x86.Build.0 = Debug|Win32
		{C45F87D3-4B2C-46FE-A25B-457A14FE39B9}.Release|x64.ActiveCfg = Release|x64
		{C45F87D3-4B2C-46FE-A25B-457A14FE39B9}.Release|x64.Build.0 = Release|x64
		{C45F87D3-4B2C-46FE-A25B-457A14FE39B9}.Release|x86.ActiveCfg = Release|Win32
		{C45F87D3-4B2C-46FE-A25B-457A14FE39B9}.Release|x86.Build.0 = Release|Win32
		{EAB47D90-D120-4656-A79B-2A2B5D470742}.Debug|x64.ActiveCfg = Debug|x64
		{EAB47D90-D120-4656-A79B-2A2B5D470742}.Debug|x64.Build.0 = Debug|x64
		{EAB47D90-D120-4656-A79B-2A2B5D470742}.Debug|x86.ActiveCfg = Debug|Win32
		{EAB47D90-D120-4656-A79B-2A2B5D470742}.Debug|x86.Build.0 = Debug|Win32
		{EAB47D90-D120-4656-A79B-2A2B5D470742}.Release|x64.ActiveCfg = Release|x64
		{EAB47D90-D120-4656-A79B-2A2B5D470742}.Release|x64.Build.0 = Release|x64
		{EAB47D90-D120-4656-A79B-2A2B5D470742}.Release|x86.ActiveCfg = Release|Win32
		{EAB47D90-D120-4656-A79B-2A2B5D470742}.Release|x86.Build.0 = Release|Win32
		{BA2EDEB8-4725-4C00-BBB7-1C439CC584B3}.Debug|x64.ActiveCfg = Debug|x64
		{BA2EDEB8-4725-4C00-BBB7-1C439CC584B3}.Debug|x64.Build.0 = Debug|x64
		{BA2EDEB8-4725-4C00-BBB7-1C439CC584B3}.Debug|x86.ActiveCfg = Debug|Win32
		{BA2EDEB8-4725-4C00-BBB7-1C439CC584B3}.Debug|x86.Build.0 = Debug|Win32
		{BA2EDEB8-4725-4C00-BBB7-1C439CC584B3}.Release|x64.ActiveCfg = Release|x64
		{BA2EDEB8-4725-4C00-BBB7-1C439CC584B3}.Release|x64.Build.0 = Release|x64
		{BA2EDEB8-4725-4C00-BBB7-1C439CC584B3}.Release|x86.ActiveCfg = Release|Win32
		{BA2EDEB8-4725-4C00-BBB7-1C439CC584B3}.Release|x86.Build.0 = Release|Win32
		{DED746BE-DDFC-485F-9A70-2B8A044220E7}.Debug|x64.ActiveCfg = Debug|x64
		{DED746BE-DDFC-485F-9A70-2B8A044220E7}.Debug|x64.Build.0 = Debug|x64
		{DED746BE-DDFC-485F-9A70-2B8A044220E7}.Debug|x86.ActiveCfg = Debug|Win32
		{DED746BE-DDFC-485F-9A70-2B8A044220E7}.Debug|x86.Build.0 = Debug|Win32
		{DED746BE-DDFC-485F-9A70-2B8A044220E7}.Release|x64.ActiveCfg = Release|x64
		{DED746BE-DDFC-485F-9A70-2B8A044220E7}.Release|x64.Build.0 = Release|x64
		{DED746BE-DDFC-485F-9A70-2B8A044220E7}.Release|x86.ActiveCfg = Release|Win32
		{DED746BE-DDFC-485F-9A70-2B8A044220E7}.Release|x86.Build.0 = Release|Win32
		{96EDC03C-EC71-45C5-A1B5-DD0311E49BAE}.Debug|x64.ActiveCfg = Debug|x64
		{96EDC03C-EC71-45C5-A1B5-DD0311E49BAE}.Debug|x64.Build.0 = Debug|x64
		{96EDC03C-EC71-45C5-A1B5-DD0311E49BAE}.Debug|x86.ActiveCfg = Debug|Win32
		{96EDC03C-EC71-45C5-A1B5-DD0311E49BAE}.Debug|x86.Build.0 = Debug|Win32
		{96EDC03C-EC71-45C5-A1B5-DD0311E49BAE}.Release|x64.ActiveCfg = Release|x64
		{96EDC03C-EC71-45C5-A1B5-DD0311E49BAE}.Release|x64.Build.0 = Release|x64
		{96EDC03C-EC71-45C5-A1B5-DD0311E49BAE}.Release|x86.ActiveCfg = Release|Win32
		{96EDC03C-EC71-45C5-A1B5-DD0311E49BAE}.Release|x86.Build.0 = Release|Win32
	EndGlobalSection
	GlobalSection(SolutionProperties) = preSolution
		HideSolutionNode = FALSE
	EndGlobalSection
	GlobalSection(ExtensibilityGlobals) = postSolution
		SolutionGuid = {893CA702-9F8A-4218-8E9F-ABB6BBF8EDC3}
	EndGlobalSection
EndGlobal
